{
  "name": "http-facade",
  "version": "1.0.0",
  "lockfileVersion": 2,
  "requires": true,
  "packages": {
    "": {
      "name": "http-facade",
      "version": "1.0.0",
      "license": "ISC",
      "dependencies": {
        "fp-ts": "^2.12.3",
        "ix": "^5.0.0"
      },
      "devDependencies": {
        "@types/node": "^18.7.23"
      }
    },
    "node_modules/@types/node": {
      "version": "18.7.23",
      "resolved": "https://registry.npmjs.org/@types/node/-/node-18.7.23.tgz",
      "integrity": "sha512-DWNcCHolDq0ZKGizjx2DZjR/PqsYwAcYUJmfMWqtVU2MBMG5Mo+xFZrhGId5r/O5HOuMPyQEcM6KUBp5lBZZBg==",
      "dev": true
    },
    "node_modules/fp-ts": {
      "version": "2.12.3",
      "resolved": "https://registry.npmjs.org/fp-ts/-/fp-ts-2.12.3.tgz",
      "integrity": "sha512-8m0XvW8kZbfnJOA4NvSVXu95mLbPf4LQGwQyqVukIYS4KzSNJiyKSmuZUmbVHteUi6MGkAJGPb0goPZqI+Tsqg=="
    },
    "node_modules/ix": {
      "version": "5.0.0",
      "resolved": "https://registry.npmjs.org/ix/-/ix-5.0.0.tgz",
      "integrity": "sha512-6LyyrHnvNrSy5pKtW/KA+KKusHrB223aBJCJlIGPN7QBfDkEEtNrAkAz9lLLShIcdJntq6BiPCHuKaCM/9wwXw==",
      "dependencies": {
        "@types/node": "^13.7.4",
        "tslib": "^2.3.0"
      }
    },
    "node_modules/ix/node_modules/@types/node": {
      "version": "13.13.52",
      "resolved": "https://registry.npmjs.org/@types/node/-/node-13.13.52.tgz",
      "integrity": "sha512-s3nugnZumCC//n4moGGe6tkNMyYEdaDBitVjwPxXmR5lnMG5dHePinH2EdxkG3Rh1ghFHHixAG4NJhpJW1rthQ=="
    },
    "node_modules/tslib": {
      "version": "2.4.0",
      "resolved": "https://registry.npmjs.org/tslib/-/tslib-2.4.0.tgz",
      "integrity": "sha512-d6xOpEDfsi2CZVlPQzGeux8XMwLT9hssAsaPYExaQMuYskwb+x1x7J371tWlbBdWHroy99KnVB6qIkUbs5X3UQ=="
    }
  },
  "dependencies": {
    "@types/node": {
      "version": "18.7.23",
      "resolved": "https://registry.npmjs.org/@types/node/-/node-18.7.23.tgz",
      "integrity": "sha512-DWNcCHolDq0ZKGizjx2DZjR/PqsYwAcYUJmfMWqtVU2MBMG5Mo+xFZrhGId5r/O5HOuMPyQEcM6KUBp5lBZZBg==",
      "dev": true
    },
    "fp-ts": {
      "version": "2.12.3",
      "resolved": "https://registry.npmjs.org/fp-ts/-/fp-ts-2.12.3.tgz",
      "integrity": "sha512-8m0XvW8kZbfnJOA4NvSVXu95mLbPf4LQGwQyqVukIYS4KzSNJiyKSmuZUmbVHteUi6MGkAJGPb0goPZqI+Tsqg=="
    },
    "ix": {
      "version": "5.0.0",
      "resolved": "https://registry.npmjs.org/ix/-/ix-5.0.0.tgz",
      "integrity": "sha512-6LyyrHnvNrSy5pKtW/KA+KKusHrB223aBJCJlIGPN7QBfDkEEtNrAkAz9lLLShIcdJntq6BiPCHuKaCM/9wwXw==",
      "requires": {
        "@types/node": "^13.7.4",
        "tslib": "^2.3.0"
      },
      "dependencies": {
        "@types/node": {
          "version": "13.13.52",
          "resolved": "https://registry.npmjs.org/@types/node/-/node-13.13.52.tgz",
          "integrity": "sha512-s3nugnZumCC//n4moGGe6tkNMyYEdaDBitVjwPxXmR5lnMG5dHePinH2EdxkG3Rh1ghFHHixAG4NJhpJW1rthQ=="
        }
      }
    },
    "tslib": {
      "version": "2.4.0",
      "resolved": "https://registry.npmjs.org/tslib/-/tslib-2.4.0.tgz",
      "integrity": "sha512-d6xOpEDfsi2CZVlPQzGeux8XMwLT9hssAsaPYExaQMuYskwb+x1x7J371tWlbBdWHroy99KnVB6qIkUbs5X3UQ=="
    }
  }
}
